schema: '2.0'
stages:
  preprocess:
    cmd: python -m src.data.preprocess --raw-dir data/raw --processed-dir 
      data/processed
    deps:
    - path: data/raw
      hash: md5
      md5: da6c9546f904545c5de6cebda8a6d5bc.dir
      size: 228459385
      nfiles: 10032
    - path: src/data/preprocess.py
      hash: md5
      md5: 4cb75820d400f7b7148b8ba0c730ac82
      size: 7899
    outs:
    - path: data/processed
      hash: md5
      md5: c6eca2e97c746dd1f7134751d21e07bf.dir
      size: 117521049
      nfiles: 8005
