schema: '2.0'
stages:
  preprocess:
    cmd: python -m src.data.preprocess --raw-dir data/raw --processed-dir 
      data/processed
    deps:
    - path: data/raw
      hash: md5
      md5: 21698fd4fbda431b776fa385350c11fe.dir
      size: 362596
      nfiles: 120
    - path: src/data/preprocess.py
      hash: md5
      md5: 4bf9b4193c24aa14278e0ccaca5f7a18
      size: 6589
    outs:
    - path: data/processed
      hash: md5
      md5: cec64d7bbacea4509d3f2f4c2f49bd87.dir
      size: 470462
      nfiles: 120
